
Microsoft Visual Studio Solution File, Format Version 12.00
# Visual Studio 15
VisualStudioVersion = 15.0.28307.852
MinimumVisualStudioVersion = 10.0.40219.1
Project("{E24C65DC-7377-472B-9ABA-BC803B73C61A}") = "review", "review\", "{6E8839B2-F80E-4DFA-BC4B-0A88F6B31318}"
	ProjectSection(WebsiteProperties) = preProject
		TargetFrameworkMoniker = ".NETFramework,Version%3Dv4.6.1"
		Debug.AspNetCompiler.VirtualPath = "/localhost_52759"
		Debug.AspNetCompiler.PhysicalPath = "review\"
		Debug.AspNetCompiler.TargetPath = "PrecompiledWeb\localhost_52759\"
		Debug.AspNetCompiler.Updateable = "true"
		Debug.AspNetCompiler.ForceOverwrite = "true"
		Debug.AspNetCompiler.FixedNames = "false"
		Debug.AspNetCompiler.Debug = "True"
		Release.AspNetCompiler.VirtualPath = "/localhost_52759"
		Release.AspNetCompiler.PhysicalPath = "review\"
		Release.AspNetCompiler.TargetPath = "PrecompiledWeb\localhost_52759\"
		Release.AspNetCompiler.Updateable = "true"
		Release.AspNetCompiler.ForceOverwrite = "true"
		Release.AspNetCompiler.FixedNames = "false"
		Release.AspNetCompiler.Debug = "False"
		VWDPort = "52759"
		SlnRelativePath = "review\"
		DefaultWebSiteLanguage = "Visual C#"
	EndProjectSection
EndProject
Global
	GlobalSection(SolutionConfigurationPlatforms) = preSolution
		Debug|Any CPU = Debug|Any CPU
	EndGlobalSection
	GlobalSection(ProjectConfigurationPlatforms) = postSolution
		{6E8839B2-F80E-4DFA-BC4B-0A88F6B31318}.Debug|Any CPU.ActiveCfg = Debug|Any CPU
		{6E8839B2-F80E-4DFA-BC4B-0A88F6B31318}.Debug|Any CPU.Build.0 = Debug|Any CPU
	EndGlobalSection
	GlobalSection(SolutionProperties) = preSolution
		HideSolutionNode = FALSE
	EndGlobalSection
	GlobalSection(ExtensibilityGlobals) = postSolution
		SolutionGuid = {779C1769-D396-456F-BFA4-F9F1E12740DB}
	EndGlobalSection
EndGlobal
