
Microsoft Visual Studio Solution File, Format Version 12.00
# Visual Studio 15
VisualStudioVersion = 15.0.28307.902
MinimumVisualStudioVersion = 10.0.40219.1
Project("{FAE04EC0-301F-11D3-BF4B-00C04F79EFBC}") = "Winform - Bai1", "Winform - Bai1\Winform - Bai1.csproj", "{E68369F2-3A6D-4925-85C8-B12C5C30167C}"
EndProject
Global
	GlobalSection(SolutionConfigurationPlatforms) = preSolution
		Debug|Any CPU = Debug|Any CPU
		Release|Any CPU = Release|Any CPU
	EndGlobalSection
	GlobalSection(ProjectConfigurationPlatforms) = postSolution
		{E68369F2-3A6D-4925-85C8-B12C5C30167C}.Debug|Any CPU.ActiveCfg = Debug|Any CPU
		{E68369F2-3A6D-4925-85C8-B12C5C30167C}.Debug|Any CPU.Build.0 = Debug|Any CPU
		{E68369F2-3A6D-4925-85C8-B12C5C30167C}.Release|Any CPU.ActiveCfg = Release|Any CPU
		{E68369F2-3A6D-4925-85C8-B12C5C30167C}.Release|Any CPU.Build.0 = Release|Any CPU
	EndGlobalSection
	GlobalSection(SolutionProperties) = preSolution
		HideSolutionNode = FALSE
	EndGlobalSection
	GlobalSection(ExtensibilityGlobals) = postSolution
		SolutionGuid = {5F9FA624-0D88-493F-B1DA-07F874055C80}
	EndGlobalSection
EndGlobal
